PODS:
  - Alamofire (5.10.1)
  - RxCocoa (6.8.0):
    - RxRelay (= 6.8.0)
    - RxSwift (= 6.8.0)
  - RxRelay (6.8.0):
    - RxSwift (= 6.8.0)
  - RxSwift (6.8.0)
  - SDWebImage (5.20.0):
    - SDWebImage/Core (= 5.20.0)
  - SDWebImage/Core (5.20.0)
  - SwiftyJSON (5.0.2)
  - Swinject (2.9.1)

DEPENDENCIES:
  - Alamofire (~> 5.6)
  - RxCocoa (~> 6.5)
  - RxSwift (~> 6.5)
  - SDWebImage (~> 5.0)
  - SwiftyJSON (~> 5.0)
  - Swinject (~> 2.7)

SPEC REPOS:
  trunk:
    - Alamofire
    - RxCocoa
    - RxRelay
    - RxSwift
    - SDWebImage
    - SwiftyJSON
    - Swinject

SPEC CHECKSUMS:
  Alamofire: 840d2a1ad82355b536ec6ba5f97e5bfa54600ca3
  RxCocoa: 2d33c1e1e5d66492052ad46b11024ae287572880
  RxRelay: 335c78b926a2aea8d863a6d25f1ed3b5ad8e8705
  RxSwift: 4e28be97cbcfeee614af26d83415febbf2bf6f45
  SDWebImage: 73c6079366fea25fa4bb9640d5fb58f0893facd8
  SwiftyJSON: f5b1bf1cd8dd53cd25887ac0eabcfd92301c6a5a
  Swinject: a827d508c6270da03ec74e558e728917a888fa9b

PODFILE CHECKSUM: 550be82c8e05e0806604f42f1d3d35c9aacc8617

COCOAPODS: 1.16.2
